
Microsoft Visual Studio Solution File, Format Version 12.00
# Visual Studio Version 17
VisualStudioVersion = 17.14.36518.9
MinimumVisualStudioVersion = 10.0.40219.1
Project("{2150E333-8FDC-42A3-9474-1A3956D46DE8}") = "Task1", "Task1", "{A722B55B-BB53-47CF-BEE2-05809FB8BD18}"
EndProject
Project("{2150E333-8FDC-42A3-9474-1A3956D46DE8}") = "Task2", "Task2", "{917790E6-0747-463D-8753-DE6B5B9DC228}"
EndProject
Project("{2150E333-8FDC-42A3-9474-1A3956D46DE8}") = "Task3", "Task3", "{727C1502-D71C-4662-91B1-BAD0C57F4B2E}"
EndProject
Project("{2150E333-8FDC-42A3-9474-1A3956D46DE8}") = "Task4", "Task4", "{8631DB8F-3D20-4B44-9725-ED74504CB82D}"
EndProject
Project("{2150E333-8FDC-42A3-9474-1A3956D46DE8}") = "Task5", "Task5", "{835636B6-CD33-47B2-8CD8-8398F69D7F38}"
EndProject
Project("{2150E333-8FDC-42A3-9474-1A3956D46DE8}") = "Task6", "Task6", "{4C4863EA-05F3-4188-BD2A-289A6B8E2DDA}"
EndProject
Project("{2150E333-8FDC-42A3-9474-1A3956D46DE8}") = "Task7", "Task7", "{ACE7C2EB-03ED-4E79-97B1-357298B9BEC7}"
EndProject
Project("{FAE04EC0-301F-11D3-BF4B-00C04F79EFBC}") = "Tyuiu.KhisamutdinovaPR.Sprint3.Task1.V3", "Tyuiu.KhisamutdinovaPR.Sprint3.Task1.V3\Tyuiu.KhisamutdinovaPR.Sprint3.Task1.V3.csproj", "{10506C64-4F5D-42DA-B798-ADCA40A0AC90}"
EndProject
Project("{FAE04EC0-301F-11D3-BF4B-00C04F79EFBC}") = "Tyuiu.KhisamutdinovaPR.Sprint3.Task1.V3.Test", "Tyuiu.KhisamutdinovaPR.Sprint3.Task1.V3.Test\Tyuiu.KhisamutdinovaPR.Sprint3.Task1.V3.Test.csproj", "{C8855692-FDCB-4B72-984D-1E8A08FE6007}"
EndProject
Project("{FAE04EC0-301F-11D3-BF4B-00C04F79EFBC}") = "Tyuiu.KhisamutdinovaPR.Sprint3.Task1.V3.Lib", "Tyuiu.KhisamutdinovaPR.Sprint3.Task1.V3.Lib\Tyuiu.KhisamutdinovaPR.Sprint3.Task1.V3.Lib.csproj", "{D89F793A-D4E9-4826-9912-0CDE2171D68B}"
EndProject
Project("{2150E333-8FDC-42A3-9474-1A3956D46DE8}") = "Task0", "Task0", "{02EA681E-C7D8-13C7-8484-4AC65E1B71E8}"
EndProject
Project("{FAE04EC0-301F-11D3-BF4B-00C04F79EFBC}") = "Tyuiu.KhisamutdinovaPR.Sprint3.Task0.V15", "Tyuiu.KhisamutdinovaPR.Sprint3.Task0.V15\Tyuiu.KhisamutdinovaPR.Sprint3.Task0.V15.csproj", "{B5DA003B-5392-4B88-8ED1-C978CE363BED}"
EndProject
Project("{FAE04EC0-301F-11D3-BF4B-00C04F79EFBC}") = "Tyuiu.KhisamutdinovaPR.Sprint3.Task0.V15.Test", "Tyuiu.KhisamutdinovaPR.Sprint3.Task0.V15.Test\Tyuiu.KhisamutdinovaPR.Sprint3.Task0.V15.Test.csproj", "{607966F2-5FCF-4F96-9ED1-58808D3D9CB4}"
EndProject
Project("{FAE04EC0-301F-11D3-BF4B-00C04F79EFBC}") = "Tyuiu.KhisamutdinovaPR.Sprint3.Task0.V15.Lib", "Tyuiu.KhisamutdinovaPR.Sprint3.Task0.V15.Lib\Tyuiu.KhisamutdinovaPR.Sprint3.Task0.V15.Lib.csproj", "{66642DA2-3790-481C-B63C-A81383FFCF5B}"
EndProject
Project("{FAE04EC0-301F-11D3-BF4B-00C04F79EFBC}") = "Tyuiu.KhisamutdinovaPR.Sprint3.Task2.V3", "Tyuiu.KhisamutdinovaPR.Sprint3.Task2.V3\Tyuiu.KhisamutdinovaPR.Sprint3.Task2.V3.csproj", "{13EAA788-A6CB-4306-946B-A3D85F9B6AF9}"
EndProject
Project("{FAE04EC0-301F-11D3-BF4B-00C04F79EFBC}") = "Tyuiu.KhisamutdinovaPR.Sprint3.Task2.V3.Lib", "Tyuiu.KhisamutdinovaPR.Sprint3.Task2.V3.Lib\Tyuiu.KhisamutdinovaPR.Sprint3.Task2.V3.Lib.csproj", "{0C761C95-D076-4E88-8690-4E9B7963E7A9}"
EndProject
Project("{FAE04EC0-301F-11D3-BF4B-00C04F79EFBC}") = "Tyuiu.KhisamutdinovaPR.Sprint3.Task2.V3.Test", "Tyuiu.KhisamutdinovaPR.Sprint3.Task2.V3.Test\Tyuiu.KhisamutdinovaPR.Sprint3.Task2.V3.Test.csproj", "{5A34D387-1D49-4E1C-A11D-2B722F655327}"
EndProject
Project("{FAE04EC0-301F-11D3-BF4B-00C04F79EFBC}") = "Tyuiu.KhisamutdinovaPR.Sprint3.Task3.V22", "Tyuiu.KhisamutdinovaPR.Sprint3.Task3.V22\Tyuiu.KhisamutdinovaPR.Sprint3.Task3.V22.csproj", "{F9963E42-C71D-490B-9ADA-9CAAF1FBA775}"
EndProject
Project("{FAE04EC0-301F-11D3-BF4B-00C04F79EFBC}") = "Tyuiu.KhisamutdinovaPR.Sprint3.Task3.V22.Lib", "Tyuiu.KhisamutdinovaPR.Sprint3.Task3.V22.Lib\Tyuiu.KhisamutdinovaPR.Sprint3.Task3.V22.Lib.csproj", "{B8DE7820-6F1D-4CEF-B298-E476841A7656}"
EndProject
Project("{FAE04EC0-301F-11D3-BF4B-00C04F79EFBC}") = "Tyuiu.KhisamutdinovaPR.Sprint3.Task3.V22.Test", "Tyuiu.KhisamutdinovaPR.Sprint3.Task3.V22.Test\Tyuiu.KhisamutdinovaPR.Sprint3.Task3.V22.Test.csproj", "{9D5FBBBA-10CB-4203-BC72-87BFC3588FED}"
EndProject
Project("{FAE04EC0-301F-11D3-BF4B-00C04F79EFBC}") = "Tyuiu.KhisamutdinovaPR.Sprint3.Task4.V29", "Tyuiu.KhisamutdinovaPR.Sprint3.Task4.V29\Tyuiu.KhisamutdinovaPR.Sprint3.Task4.V29.csproj", "{176A2DA1-D8E7-4B55-B941-0B214F095077}"
EndProject
Project("{FAE04EC0-301F-11D3-BF4B-00C04F79EFBC}") = "Tyuiu.KhisamutdinovaPR.Sprint3.Task4.V29.Test", "Tyuiu.KhisamutdinovaPR.Sprint3.Task4.V29.Test\Tyuiu.KhisamutdinovaPR.Sprint3.Task4.V29.Test.csproj", "{A73A2802-1CD6-4A91-A862-2BDC51D8DE1C}"
EndProject
Project("{FAE04EC0-301F-11D3-BF4B-00C04F79EFBC}") = "Tyuiu.KhisamutdinovaPR.Sprint3.Task4.V29.Lib", "Tyuiu.KhisamutdinovaPR.Sprint3.Task4.V29.Lib\Tyuiu.KhisamutdinovaPR.Sprint3.Task4.V29.Lib.csproj", "{BF021619-B7E6-44EC-80E3-566A1757807D}"
EndProject
Project("{FAE04EC0-301F-11D3-BF4B-00C04F79EFBC}") = "Tyuiu.KhisamutdinovaPR.Sprint3.Task5.V14", "Tyuiu.KhisamutdinovaPR.Sprint3.Task5.V14\Tyuiu.KhisamutdinovaPR.Sprint3.Task5.V14.csproj", "{8C09C4BE-9F32-43EE-B12D-024A6BF8AD96}"
EndProject
Project("{FAE04EC0-301F-11D3-BF4B-00C04F79EFBC}") = "Tyuiu.KhisamutdinovaPR.Sprint3.Task5.V14.Lib", "Tyuiu.KhisamutdinovaPR.Sprint3.Task5.V14.Lib\Tyuiu.KhisamutdinovaPR.Sprint3.Task5.V14.Lib.csproj", "{06E2AD2E-2E71-469D-9D9A-63C8B3123E82}"
EndProject
Project("{FAE04EC0-301F-11D3-BF4B-00C04F79EFBC}") = "Tyuiu.KhisamutdinovaPR.Sprint3.Task5.V14.Test", "Tyuiu.KhisamutdinovaPR.Sprint3.Task5.V14.Test\Tyuiu.KhisamutdinovaPR.Sprint3.Task5.V14.Test.csproj", "{DF0FB809-D207-46F4-BB5A-05EC6B2D3178}"
EndProject
Project("{FAE04EC0-301F-11D3-BF4B-00C04F79EFBC}") = "Tyuiu.KhisamutdinovaPR.Sprint3.Task6.V20", "Tyuiu.KhisamutdinovaPR.Sprint3.Task6.V20\Tyuiu.KhisamutdinovaPR.Sprint3.Task6.V20.csproj", "{48A3F770-0AE1-4AB4-A1A5-5F3ACB762A07}"
EndProject
Project("{FAE04EC0-301F-11D3-BF4B-00C04F79EFBC}") = "Tyuiu.KhisamutdinovaPR.Sprint3.Task6.V20.Test", "Tyuiu.KhisamutdinovaPR.Sprint3.Task6.V20.Test\Tyuiu.KhisamutdinovaPR.Sprint3.Task6.V20.Test.csproj", "{6B7B2E29-6568-45BC-AE99-42DCD540B1F8}"
EndProject
Project("{FAE04EC0-301F-11D3-BF4B-00C04F79EFBC}") = "Tyuiu.KhisamutdinovaPR.Sprint3.Task6.V20.Lib", "Tyuiu.KhisamutdinovaPR.Sprint3.Task6.V20.Lib\Tyuiu.KhisamutdinovaPR.Sprint3.Task6.V20.Lib.csproj", "{4530621D-852A-4038-B2F0-84B5937EB2E1}"
EndProject
Project("{FAE04EC0-301F-11D3-BF4B-00C04F79EFBC}") = "Tyuiu.KhisamutdinovaPR.Sprint3.Task7.V9", "Tyuiu.KhisamutdinovaPR.Sprint3.Task7.V9\Tyuiu.KhisamutdinovaPR.Sprint3.Task7.V9.csproj", "{4B5BA7BA-CB17-470D-9B04-BFD2603C72A2}"
EndProject
Project("{FAE04EC0-301F-11D3-BF4B-00C04F79EFBC}") = "Tyuiu.KhisamutdinovaPR.Sprint3.Task7.V9.Test", "Tyuiu.KhisamutdinovaPR.Sprint3.Task7.V9.Test\Tyuiu.KhisamutdinovaPR.Sprint3.Task7.V9.Test.csproj", "{3F85353E-6826-45A0-BA9E-52783479AECA}"
EndProject
Project("{FAE04EC0-301F-11D3-BF4B-00C04F79EFBC}") = "Tyuiu.KhisamutdinovaPR.Sprint3.Task7.V9.Lib", "Tyuiu.KhisamutdinovaPR.Sprint3.Task7.V9.Lib\Tyuiu.KhisamutdinovaPR.Sprint3.Task7.V9.Lib.csproj", "{B1F4B55B-76B5-4FD0-87F8-78034329311D}"
EndProject
Global
	GlobalSection(SolutionConfigurationPlatforms) = preSolution
		Debug|Any CPU = Debug|Any CPU
		Release|Any CPU = Release|Any CPU
	EndGlobalSection
	GlobalSection(ProjectConfigurationPlatforms) = postSolution
		{10506C64-4F5D-42DA-B798-ADCA40A0AC90}.Debug|Any CPU.ActiveCfg = Debug|Any CPU
		{10506C64-4F5D-42DA-B798-ADCA40A0AC90}.Debug|Any CPU.Build.0 = Debug|Any CPU
		{10506C64-4F5D-42DA-B798-ADCA40A0AC90}.Release|Any CPU.ActiveCfg = Release|Any CPU
		{10506C64-4F5D-42DA-B798-ADCA40A0AC90}.Release|Any CPU.Build.0 = Release|Any CPU
		{C8855692-FDCB-4B72-984D-1E8A08FE6007}.Debug|Any CPU.ActiveCfg = Debug|Any CPU
		{C8855692-FDCB-4B72-984D-1E8A08FE6007}.Debug|Any CPU.Build.0 = Debug|Any CPU
		{C8855692-FDCB-4B72-984D-1E8A08FE6007}.Release|Any CPU.ActiveCfg = Release|Any CPU
		{C8855692-FDCB-4B72-984D-1E8A08FE6007}.Release|Any CPU.Build.0 = Release|Any CPU
		{D89F793A-D4E9-4826-9912-0CDE2171D68B}.Debug|Any CPU.ActiveCfg = Debug|Any CPU
		{D89F793A-D4E9-4826-9912-0CDE2171D68B}.Debug|Any CPU.Build.0 = Debug|Any CPU
		{D89F793A-D4E9-4826-9912-0CDE2171D68B}.Release|Any CPU.ActiveCfg = Release|Any CPU
		{D89F793A-D4E9-4826-9912-0CDE2171D68B}.Release|Any CPU.Build.0 = Release|Any CPU
		{B5DA003B-5392-4B88-8ED1-C978CE363BED}.Debug|Any CPU.ActiveCfg = Debug|Any CPU
		{B5DA003B-5392-4B88-8ED1-C978CE363BED}.Debug|Any CPU.Build.0 = Debug|Any CPU
		{B5DA003B-5392-4B88-8ED1-C978CE363BED}.Release|Any CPU.ActiveCfg = Release|Any CPU
		{B5DA003B-5392-4B88-8ED1-C978CE363BED}.Release|Any CPU.Build.0 = Release|Any CPU
		{607966F2-5FCF-4F96-9ED1-58808D3D9CB4}.Debug|Any CPU.ActiveCfg = Debug|Any CPU
		{607966F2-5FCF-4F96-9ED1-58808D3D9CB4}.Debug|Any CPU.Build.0 = Debug|Any CPU
		{607966F2-5FCF-4F96-9ED1-58808D3D9CB4}.Release|Any CPU.ActiveCfg = Release|Any CPU
		{607966F2-5FCF-4F96-9ED1-58808D3D9CB4}.Release|Any CPU.Build.0 = Release|Any CPU
		{66642DA2-3790-481C-B63C-A81383FFCF5B}.Debug|Any CPU.ActiveCfg = Debug|Any CPU
		{66642DA2-3790-481C-B63C-A81383FFCF5B}.Debug|Any CPU.Build.0 = Debug|Any CPU
		{66642DA2-3790-481C-B63C-A81383FFCF5B}.Release|Any CPU.ActiveCfg = Release|Any CPU
		{66642DA2-3790-481C-B63C-A81383FFCF5B}.Release|Any CPU.Build.0 = Release|Any CPU
		{13EAA788-A6CB-4306-946B-A3D85F9B6AF9}.Debug|Any CPU.ActiveCfg = Debug|Any CPU
		{13EAA788-A6CB-4306-946B-A3D85F9B6AF9}.Debug|Any CPU.Build.0 = Debug|Any CPU
		{13EAA788-A6CB-4306-946B-A3D85F9B6AF9}.Release|Any CPU.ActiveCfg = Release|Any CPU
		{13EAA788-A6CB-4306-946B-A3D85F9B6AF9}.Release|Any CPU.Build.0 = Release|Any CPU
		{0C761C95-D076-4E88-8690-4E9B7963E7A9}.Debug|Any CPU.ActiveCfg = Debug|Any CPU
		{0C761C95-D076-4E88-8690-4E9B7963E7A9}.Debug|Any CPU.Build.0 = Debug|Any CPU
		{0C761C95-D076-4E88-8690-4E9B7963E7A9}.Release|Any CPU.ActiveCfg = Release|Any CPU
		{0C761C95-D076-4E88-8690-4E9B7963E7A9}.Release|Any CPU.Build.0 = Release|Any CPU
		{5A34D387-1D49-4E1C-A11D-2B722F655327}.Debug|Any CPU.ActiveCfg = Debug|Any CPU
		{5A34D387-1D49-4E1C-A11D-2B722F655327}.Debug|Any CPU.Build.0 = Debug|Any CPU
		{5A34D387-1D49-4E1C-A11D-2B722F655327}.Release|Any CPU.ActiveCfg = Release|Any CPU
		{5A34D387-1D49-4E1C-A11D-2B722F655327}.Release|Any CPU.Build.0 = Release|Any CPU
		{F9963E42-C71D-490B-9ADA-9CAAF1FBA775}.Debug|Any CPU.ActiveCfg = Debug|Any CPU
		{F9963E42-C71D-490B-9ADA-9CAAF1FBA775}.Debug|Any CPU.Build.0 = Debug|Any CPU
		{F9963E42-C71D-490B-9ADA-9CAAF1FBA775}.Release|Any CPU.ActiveCfg = Release|Any CPU
		{F9963E42-C71D-490B-9ADA-9CAAF1FBA775}.Release|Any CPU.Build.0 = Release|Any CPU
		{B8DE7820-6F1D-4CEF-B298-E476841A7656}.Debug|Any CPU.ActiveCfg = Debug|Any CPU
		{B8DE7820-6F1D-4CEF-B298-E476841A7656}.Debug|Any CPU.Build.0 = Debug|Any CPU
		{B8DE7820-6F1D-4CEF-B298-E476841A7656}.Release|Any CPU.ActiveCfg = Release|Any CPU
		{B8DE7820-6F1D-4CEF-B298-E476841A7656}.Release|Any CPU.Build.0 = Release|Any CPU
		{9D5FBBBA-10CB-4203-BC72-87BFC3588FED}.Debug|Any CPU.ActiveCfg = Debug|Any CPU
		{9D5FBBBA-10CB-4203-BC72-87BFC3588FED}.Debug|Any CPU.Build.0 = Debug|Any CPU
		{9D5FBBBA-10CB-4203-BC72-87BFC3588FED}.Release|Any CPU.ActiveCfg = Release|Any CPU
		{9D5FBBBA-10CB-4203-BC72-87BFC3588FED}.Release|Any CPU.Build.0 = Release|Any CPU
		{176A2DA1-D8E7-4B55-B941-0B214F095077}.Debug|Any CPU.ActiveCfg = Debug|Any CPU
		{176A2DA1-D8E7-4B55-B941-0B214F095077}.Debug|Any CPU.Build.0 = Debug|Any CPU
		{176A2DA1-D8E7-4B55-B941-0B214F095077}.Release|Any CPU.ActiveCfg = Release|Any CPU
		{176A2DA1-D8E7-4B55-B941-0B214F095077}.Release|Any CPU.Build.0 = Release|Any CPU
		{A73A2802-1CD6-4A91-A862-2BDC51D8DE1C}.Debug|Any CPU.ActiveCfg = Debug|Any CPU
		{A73A2802-1CD6-4A91-A862-2BDC51D8DE1C}.Debug|Any CPU.Build.0 = Debug|Any CPU
		{A73A2802-1CD6-4A91-A862-2BDC51D8DE1C}.Release|Any CPU.ActiveCfg = Release|Any CPU
		{A73A2802-1CD6-4A91-A862-2BDC51D8DE1C}.Release|Any CPU.Build.0 = Release|Any CPU
		{BF021619-B7E6-44EC-80E3-566A1757807D}.Debug|Any CPU.ActiveCfg = Debug|Any CPU
		{BF021619-B7E6-44EC-80E3-566A1757807D}.Debug|Any CPU.Build.0 = Debug|Any CPU
		{BF021619-B7E6-44EC-80E3-566A1757807D}.Release|Any CPU.ActiveCfg = Release|Any CPU
		{BF021619-B7E6-44EC-80E3-566A1757807D}.Release|Any CPU.Build.0 = Release|Any CPU
		{8C09C4BE-9F32-43EE-B12D-024A6BF8AD96}.Debug|Any CPU.ActiveCfg = Debug|Any CPU
		{8C09C4BE-9F32-43EE-B12D-024A6BF8AD96}.Debug|Any CPU.Build.0 = Debug|Any CPU
		{8C09C4BE-9F32-43EE-B12D-024A6BF8AD96}.Release|Any CPU.ActiveCfg = Release|Any CPU
		{8C09C4BE-9F32-43EE-B12D-024A6BF8AD96}.Release|Any CPU.Build.0 = Release|Any CPU
		{06E2AD2E-2E71-469D-9D9A-63C8B3123E82}.Debug|Any CPU.ActiveCfg = Debug|Any CPU
		{06E2AD2E-2E71-469D-9D9A-63C8B3123E82}.Debug|Any CPU.Build.0 = Debug|Any CPU
		{06E2AD2E-2E71-469D-9D9A-63C8B3123E82}.Release|Any CPU.ActiveCfg = Release|Any CPU
		{06E2AD2E-2E71-469D-9D9A-63C8B3123E82}.Release|Any CPU.Build.0 = Release|Any CPU
		{DF0FB809-D207-46F4-BB5A-05EC6B2D3178}.Debug|Any CPU.ActiveCfg = Debug|Any CPU
		{DF0FB809-D207-46F4-BB5A-05EC6B2D3178}.Debug|Any CPU.Build.0 = Debug|Any CPU
		{DF0FB809-D207-46F4-BB5A-05EC6B2D3178}.Release|Any CPU.ActiveCfg = Release|Any CPU
		{DF0FB809-D207-46F4-BB5A-05EC6B2D3178}.Release|Any CPU.Build.0 = Release|Any CPU
		{48A3F770-0AE1-4AB4-A1A5-5F3ACB762A07}.Debug|Any CPU.ActiveCfg = Debug|Any CPU
		{48A3F770-0AE1-4AB4-A1A5-5F3ACB762A07}.Debug|Any CPU.Build.0 = Debug|Any CPU
		{48A3F770-0AE1-4AB4-A1A5-5F3ACB762A07}.Release|Any CPU.ActiveCfg = Release|Any CPU
		{48A3F770-0AE1-4AB4-A1A5-5F3ACB762A07}.Release|Any CPU.Build.0 = Release|Any CPU
		{6B7B2E29-6568-45BC-AE99-42DCD540B1F8}.Debug|Any CPU.ActiveCfg = Debug|Any CPU
		{6B7B2E29-6568-45BC-AE99-42DCD540B1F8}.Debug|Any CPU.Build.0 = Debug|Any CPU
		{6B7B2E29-6568-45BC-AE99-42DCD540B1F8}.Release|Any CPU.ActiveCfg = Release|Any CPU
		{6B7B2E29-6568-45BC-AE99-42DCD540B1F8}.Release|Any CPU.Build.0 = Release|Any CPU
		{4530621D-852A-4038-B2F0-84B5937EB2E1}.Debug|Any CPU.ActiveCfg = Debug|Any CPU
		{4530621D-852A-4038-B2F0-84B5937EB2E1}.Debug|Any CPU.Build.0 = Debug|Any CPU
		{4530621D-852A-4038-B2F0-84B5937EB2E1}.Release|Any CPU.ActiveCfg = Release|Any CPU
		{4530621D-852A-4038-B2F0-84B5937EB2E1}.Release|Any CPU.Build.0 = Release|Any CPU
		{4B5BA7BA-CB17-470D-9B04-BFD2603C72A2}.Debug|Any CPU.ActiveCfg = Debug|Any CPU
		{4B5BA7BA-CB17-470D-9B04-BFD2603C72A2}.Debug|Any CPU.Build.0 = Debug|Any CPU
		{4B5BA7BA-CB17-470D-9B04-BFD2603C72A2}.Release|Any CPU.ActiveCfg = Release|Any CPU
		{4B5BA7BA-CB17-470D-9B04-BFD2603C72A2}.Release|Any CPU.Build.0 = Release|Any CPU
		{3F85353E-6826-45A0-BA9E-52783479AECA}.Debug|Any CPU.ActiveCfg = Debug|Any CPU
		{3F85353E-6826-45A0-BA9E-52783479AECA}.Debug|Any CPU.Build.0 = Debug|Any CPU
		{3F85353E-6826-45A0-BA9E-52783479AECA}.Release|Any CPU.ActiveCfg = Release|Any CPU
		{3F85353E-6826-45A0-BA9E-52783479AECA}.Release|Any CPU.Build.0 = Release|Any CPU
		{B1F4B55B-76B5-4FD0-87F8-78034329311D}.Debug|Any CPU.ActiveCfg = Debug|Any CPU
		{B1F4B55B-76B5-4FD0-87F8-78034329311D}.Debug|Any CPU.Build.0 = Debug|Any CPU
		{B1F4B55B-76B5-4FD0-87F8-78034329311D}.Release|Any CPU.ActiveCfg = Release|Any CPU
		{B1F4B55B-76B5-4FD0-87F8-78034329311D}.Release|Any CPU.Build.0 = Release|Any CPU
	EndGlobalSection
	GlobalSection(SolutionProperties) = preSolution
		HideSolutionNode = FALSE
	EndGlobalSection
	GlobalSection(NestedProjects) = preSolution
		{10506C64-4F5D-42DA-B798-ADCA40A0AC90} = {A722B55B-BB53-47CF-BEE2-05809FB8BD18}
		{C8855692-FDCB-4B72-984D-1E8A08FE6007} = {A722B55B-BB53-47CF-BEE2-05809FB8BD18}
		{D89F793A-D4E9-4826-9912-0CDE2171D68B} = {A722B55B-BB53-47CF-BEE2-05809FB8BD18}
		{B5DA003B-5392-4B88-8ED1-C978CE363BED} = {02EA681E-C7D8-13C7-8484-4AC65E1B71E8}
		{607966F2-5FCF-4F96-9ED1-58808D3D9CB4} = {02EA681E-C7D8-13C7-8484-4AC65E1B71E8}
		{66642DA2-3790-481C-B63C-A81383FFCF5B} = {02EA681E-C7D8-13C7-8484-4AC65E1B71E8}
		{13EAA788-A6CB-4306-946B-A3D85F9B6AF9} = {917790E6-0747-463D-8753-DE6B5B9DC228}
		{0C761C95-D076-4E88-8690-4E9B7963E7A9} = {917790E6-0747-463D-8753-DE6B5B9DC228}
		{5A34D387-1D49-4E1C-A11D-2B722F655327} = {917790E6-0747-463D-8753-DE6B5B9DC228}
		{F9963E42-C71D-490B-9ADA-9CAAF1FBA775} = {727C1502-D71C-4662-91B1-BAD0C57F4B2E}
		{B8DE7820-6F1D-4CEF-B298-E476841A7656} = {727C1502-D71C-4662-91B1-BAD0C57F4B2E}
		{9D5FBBBA-10CB-4203-BC72-87BFC3588FED} = {727C1502-D71C-4662-91B1-BAD0C57F4B2E}
		{176A2DA1-D8E7-4B55-B941-0B214F095077} = {8631DB8F-3D20-4B44-9725-ED74504CB82D}
		{A73A2802-1CD6-4A91-A862-2BDC51D8DE1C} = {8631DB8F-3D20-4B44-9725-ED74504CB82D}
		{BF021619-B7E6-44EC-80E3-566A1757807D} = {8631DB8F-3D20-4B44-9725-ED74504CB82D}
		{8C09C4BE-9F32-43EE-B12D-024A6BF8AD96} = {835636B6-CD33-47B2-8CD8-8398F69D7F38}
		{06E2AD2E-2E71-469D-9D9A-63C8B3123E82} = {835636B6-CD33-47B2-8CD8-8398F69D7F38}
		{DF0FB809-D207-46F4-BB5A-05EC6B2D3178} = {835636B6-CD33-47B2-8CD8-8398F69D7F38}
		{48A3F770-0AE1-4AB4-A1A5-5F3ACB762A07} = {4C4863EA-05F3-4188-BD2A-289A6B8E2DDA}
		{6B7B2E29-6568-45BC-AE99-42DCD540B1F8} = {4C4863EA-05F3-4188-BD2A-289A6B8E2DDA}
		{4530621D-852A-4038-B2F0-84B5937EB2E1} = {4C4863EA-05F3-4188-BD2A-289A6B8E2DDA}
		{4B5BA7BA-CB17-470D-9B04-BFD2603C72A2} = {ACE7C2EB-03ED-4E79-97B1-357298B9BEC7}
		{3F85353E-6826-45A0-BA9E-52783479AECA} = {ACE7C2EB-03ED-4E79-97B1-357298B9BEC7}
		{B1F4B55B-76B5-4FD0-87F8-78034329311D} = {ACE7C2EB-03ED-4E79-97B1-357298B9BEC7}
	EndGlobalSection
	GlobalSection(ExtensibilityGlobals) = postSolution
		SolutionGuid = {01D262B1-AD48-446D-B4CD-9C23768994B8}
	EndGlobalSection
EndGlobal
